// !$*UTF8*$!
{
	archiveVersion = 1;
	classes = {
	};
	objectVersion = 56;
	objects = {

/* Begin PBXBuildFile section */
		7B2BB2612A82DCCA008EE046 /* imageGeneratorAppApp.swift in Sources */ = {isa = PBXBuildFile; fileRef = 7B2BB2602A82DCCA008EE046 /* imageGeneratorAppApp.swift */; };
		7B2BB2632A82DCCA008EE046 /* PromptView.swift in Sources */ = {isa = PBXBuildFile; fileRef = 7B2BB2622A82DCCA008EE046 /* PromptView.swift */; };
		7B2BB2652A82DCCB008EE046 /* Assets.xcassets in Resources */ = {isa = PBXBuildFile; fileRef = 7B2BB2642A82DCCB008EE046 /* Assets.xcassets */; };
		7B2BB2682A82DCCB008EE046 /* Preview Assets.xcassets in Resources */ = {isa = PBXBuildFile; fileRef = 7B2BB2672A82DCCB008EE046 /* Preview Assets.xcassets */; };
		7B2BB2722A82DCCB008EE046 /* imageGeneratorAppTests.swift in Sources */ = {isa = PBXBuildFile; fileRef = 7B2BB2712A82DCCB008EE046 /* imageGeneratorAppTests.swift */; };
		7B2BB27C2A82DCCB008EE046 /* imageGeneratorAppUITests.swift in Sources */ = {isa = PBXBuildFile; fileRef = 7B2BB27B2A82DCCB008EE046 /* imageGeneratorAppUITests.swift */; };
		7B2BB27E2A82DCCB008EE046 /* imageGeneratorAppUITestsLaunchTests.swift in Sources */ = {isa = PBXBuildFile; fileRef = 7B2BB27D2A82DCCB008EE046 /* imageGeneratorAppUITestsLaunchTests.swift */; };
		7B66AFF22AA153C9007A3C3A /* FirebaseFirestore in Frameworks */ = {isa = PBXBuildFile; productRef = 7B66AFF12AA153C9007A3C3A /* FirebaseFirestore */; };
		7B66AFF72AA17A7D007A3C3A /* HeaderView.swift in Sources */ = {isa = PBXBuildFile; fileRef = 7B66AFF62AA17A7D007A3C3A /* HeaderView.swift */; };
		7B66AFF92AA17FC5007A3C3A /* RegisterView.swift in Sources */ = {isa = PBXBuildFile; fileRef = 7B66AFF82AA17FC5007A3C3A /* RegisterView.swift */; };
		7B66AFFB2AA17FFD007A3C3A /* MainView.swift in Sources */ = {isa = PBXBuildFile; fileRef = 7B66AFFA2AA17FFD007A3C3A /* MainView.swift */; };
		7B66AFFD2AA18058007A3C3A /* LoginView.swift in Sources */ = {isa = PBXBuildFile; fileRef = 7B66AFFC2AA18058007A3C3A /* LoginView.swift */; };
		7B66AFFF2AA25F26007A3C3A /* AIButton.swift in Sources */ = {isa = PBXBuildFile; fileRef = 7B66AFFE2AA25F26007A3C3A /* AIButton.swift */; };
		7B66B0012AA26345007A3C3A /* LoginViewModel.swift in Sources */ = {isa = PBXBuildFile; fileRef = 7B66B0002AA26345007A3C3A /* LoginViewModel.swift */; };
		7B66B0032AA68209007A3C3A /* RegisterViewViewModel.swift in Sources */ = {isa = PBXBuildFile; fileRef = 7B66B0022AA68209007A3C3A /* RegisterViewViewModel.swift */; };
		7B66B0062AA684B0007A3C3A /* User.swift in Sources */ = {isa = PBXBuildFile; fileRef = 7B66B0052AA684AF007A3C3A /* User.swift */; };
		7B66B0082AA7A367007A3C3A /* Extentions.swift in Sources */ = {isa = PBXBuildFile; fileRef = 7B66B0072AA7A367007A3C3A /* Extentions.swift */; };
		7B66B00A2AA7AA72007A3C3A /* MainViewViewModel.swift in Sources */ = {isa = PBXBuildFile; fileRef = 7B66B0092AA7AA72007A3C3A /* MainViewViewModel.swift */; };
		7B66B00C2AAD02F7007A3C3A /* GoogleService-Info.plist in Resources */ = {isa = PBXBuildFile; fileRef = 7B66B00B2AAD02F7007A3C3A /* GoogleService-Info.plist */; };
		7B8863C32A82DD70005C2573 /* ImageStyle.swift in Sources */ = {isa = PBXBuildFile; fileRef = 7B8863C22A82DD70005C2573 /* ImageStyle.swift */; };
		7B8863C72A8306F3005C2573 /* GeneratorView.swift in Sources */ = {isa = PBXBuildFile; fileRef = 7B8863C62A8306F3005C2573 /* GeneratorView.swift */; };
		7B8863C92A830BD5005C2573 /* GeneratorViewModel.swift in Sources */ = {isa = PBXBuildFile; fileRef = 7B8863C82A830BD5005C2573 /* GeneratorViewModel.swift */; };
		7B8863CC2A831C69005C2573 /* Alamofire in Frameworks */ = {isa = PBXBuildFile; productRef = 7B8863CB2A831C69005C2573 /* Alamofire */; };
		7B8863CE2A831C84005C2573 /* OpenAIService.swift in Sources */ = {isa = PBXBuildFile; fileRef = 7B8863CD2A831C84005C2573 /* OpenAIService.swift */; };
		7B8863D02A8362AD005C2573 /* Constants.swift in Sources */ = {isa = PBXBuildFile; fileRef = 7B8863CF2A8362AD005C2573 /* Constants.swift */; };
		7BC1D0302A9D22770099496A /* FirebaseAnalytics in Frameworks */ = {isa = PBXBuildFile; productRef = 7BC1D02F2A9D22770099496A /* FirebaseAnalytics */; };
		7BC1D0322A9D22770099496A /* FirebaseAnalyticsOnDeviceConversion in Frameworks */ = {isa = PBXBuildFile; productRef = 7BC1D0312A9D22770099496A /* FirebaseAnalyticsOnDeviceConversion */; };
		7BC1D0342A9D22770099496A /* FirebaseAnalyticsSwift in Frameworks */ = {isa = PBXBuildFile; productRef = 7BC1D0332A9D22770099496A /* FirebaseAnalyticsSwift */; };
		7BC1D0362A9D22770099496A /* FirebaseAnalyticsWithoutAdIdSupport in Frameworks */ = {isa = PBXBuildFile; productRef = 7BC1D0352A9D22770099496A /* FirebaseAnalyticsWithoutAdIdSupport */; };
		7BC1D0382A9D22770099496A /* FirebaseAppCheck in Frameworks */ = {isa = PBXBuildFile; productRef = 7BC1D0372A9D22770099496A /* FirebaseAppCheck */; };
		7BC1D03A2A9D22770099496A /* FirebaseAppDistribution-Beta in Frameworks */ = {isa = PBXBuildFile; productRef = 7BC1D0392A9D22770099496A /* FirebaseAppDistribution-Beta */; };
		7BC1D03C2A9D22770099496A /* FirebaseAuth in Frameworks */ = {isa = PBXBuildFile; productRef = 7BC1D03B2A9D22770099496A /* FirebaseAuth */; };
		7BC1D03E2A9D22770099496A /* FirebaseAuthCombine-Community in Frameworks */ = {isa = PBXBuildFile; productRef = 7BC1D03D2A9D22770099496A /* FirebaseAuthCombine-Community */; };
		7BC1D0402A9D22770099496A /* FirebaseCrashlytics in Frameworks */ = {isa = PBXBuildFile; productRef = 7BC1D03F2A9D22770099496A /* FirebaseCrashlytics */; };
		7BC1D0422A9D22770099496A /* FirebaseDatabase in Frameworks */ = {isa = PBXBuildFile; productRef = 7BC1D0412A9D22770099496A /* FirebaseDatabase */; };
		7BC1D0442A9D22770099496A /* FirebaseDatabaseSwift in Frameworks */ = {isa = PBXBuildFile; productRef = 7BC1D0432A9D22770099496A /* FirebaseDatabaseSwift */; };
		7BC1D0462A9D22770099496A /* FirebaseDynamicLinks in Frameworks */ = {isa = PBXBuildFile; productRef = 7BC1D0452A9D22770099496A /* FirebaseDynamicLinks */; };
		7BC1D0482A9D22770099496A /* FirebaseStorage in Frameworks */ = {isa = PBXBuildFile; productRef = 7BC1D0472A9D22770099496A /* FirebaseStorage */; };
/* End PBXBuildFile section */

/* Begin PBXContainerItemProxy section */
		7B2BB26E2A82DCCB008EE046 /* PBXContainerItemProxy */ = {
			isa = PBXContainerItemProxy;
			containerPortal = 7B2BB2552A82DCCA008EE046 /* Project object */;
			proxyType = 1;
			remoteGlobalIDString = 7B2BB25C2A82DCCA008EE046;
			remoteInfo = imageGeneratorApp;
		};
		7B2BB2782A82DCCB008EE046 /* PBXContainerItemProxy */ = {
			isa = PBXContainerItemProxy;
			containerPortal = 7B2BB2552A82DCCA008EE046 /* Project object */;
			proxyType = 1;
			remoteGlobalIDString = 7B2BB25C2A82DCCA008EE046;
			remoteInfo = imageGeneratorApp;
		};
/* End PBXContainerItemProxy section */

/* Begin PBXFileReference section */
		7B2BB25D2A82DCCA008EE046 /* imageGeneratorApp.app */ = {isa = PBXFileReference; explicitFileType = wrapper.application; includeInIndex = 0; path = imageGeneratorApp.app; sourceTree = BUILT_PRODUCTS_DIR; };
		7B2BB2602A82DCCA008EE046 /* imageGeneratorAppApp.swift */ = {isa = PBXFileReference; lastKnownFileType = sourcecode.swift; path = imageGeneratorAppApp.swift; sourceTree = "<group>"; };
		7B2BB2622A82DCCA008EE046 /* PromptView.swift */ = {isa = PBXFileReference; lastKnownFileType = sourcecode.swift; path = PromptView.swift; sourceTree = "<group>"; };
		7B2BB2642A82DCCB008EE046 /* Assets.xcassets */ = {isa = PBXFileReference; lastKnownFileType = folder.assetcatalog; path = Assets.xcassets; sourceTree = "<group>"; };
		7B2BB2672A82DCCB008EE046 /* Preview Assets.xcassets */ = {isa = PBXFileReference; lastKnownFileType = folder.assetcatalog; path = "Preview Assets.xcassets"; sourceTree = "<group>"; };
		7B2BB26D2A82DCCB008EE046 /* imageGeneratorAppTests.xctest */ = {isa = PBXFileReference; explicitFileType = wrapper.cfbundle; includeInIndex = 0; path = imageGeneratorAppTests.xctest; sourceTree = BUILT_PRODUCTS_DIR; };
		7B2BB2712A82DCCB008EE046 /* imageGeneratorAppTests.swift */ = {isa = PBXFileReference; lastKnownFileType = sourcecode.swift; path = imageGeneratorAppTests.swift; sourceTree = "<group>"; };
		7B2BB2772A82DCCB008EE046 /* imageGeneratorAppUITests.xctest */ = {isa = PBXFileReference; explicitFileType = wrapper.cfbundle; includeInIndex = 0; path = imageGeneratorAppUITests.xctest; sourceTree = BUILT_PRODUCTS_DIR; };
		7B2BB27B2A82DCCB008EE046 /* imageGeneratorAppUITests.swift */ = {isa = PBXFileReference; lastKnownFileType = sourcecode.swift; path = imageGeneratorAppUITests.swift; sourceTree = "<group>"; };
		7B2BB27D2A82DCCB008EE046 /* imageGeneratorAppUITestsLaunchTests.swift */ = {isa = PBXFileReference; lastKnownFileType = sourcecode.swift; path = imageGeneratorAppUITestsLaunchTests.swift; sourceTree = "<group>"; };
		7B66AFF62AA17A7D007A3C3A /* HeaderView.swift */ = {isa = PBXFileReference; lastKnownFileType = sourcecode.swift; path = HeaderView.swift; sourceTree = "<group>"; };
		7B66AFF82AA17FC5007A3C3A /* RegisterView.swift */ = {isa = PBXFileReference; lastKnownFileType = sourcecode.swift; path = RegisterView.swift; sourceTree = "<group>"; };
		7B66AFFA2AA17FFD007A3C3A /* MainView.swift */ = {isa = PBXFileReference; lastKnownFileType = sourcecode.swift; path = MainView.swift; sourceTree = "<group>"; };
		7B66AFFC2AA18058007A3C3A /* LoginView.swift */ = {isa = PBXFileReference; lastKnownFileType = sourcecode.swift; path = LoginView.swift; sourceTree = "<group>"; };
		7B66AFFE2AA25F26007A3C3A /* AIButton.swift */ = {isa = PBXFileReference; lastKnownFileType = sourcecode.swift; path = AIButton.swift; sourceTree = "<group>"; };
		7B66B0002AA26345007A3C3A /* LoginViewModel.swift */ = {isa = PBXFileReference; lastKnownFileType = sourcecode.swift; path = LoginViewModel.swift; sourceTree = "<group>"; };
		7B66B0022AA68209007A3C3A /* RegisterViewViewModel.swift */ = {isa = PBXFileReference; lastKnownFileType = sourcecode.swift; path = RegisterViewViewModel.swift; sourceTree = "<group>"; };
		7B66B0052AA684AF007A3C3A /* User.swift */ = {isa = PBXFileReference; lastKnownFileType = sourcecode.swift; path = User.swift; sourceTree = "<group>"; };
		7B66B0072AA7A367007A3C3A /* Extentions.swift */ = {isa = PBXFileReference; lastKnownFileType = sourcecode.swift; path = Extentions.swift; sourceTree = "<group>"; };
		7B66B0092AA7AA72007A3C3A /* MainViewViewModel.swift */ = {isa = PBXFileReference; lastKnownFileType = sourcecode.swift; path = MainViewViewModel.swift; sourceTree = "<group>"; };
		7B66B00B2AAD02F7007A3C3A /* GoogleService-Info.plist */ = {isa = PBXFileReference; fileEncoding = 4; lastKnownFileType = text.plist.xml; name = "GoogleService-Info.plist"; path = "../../../GoogleService-Info.plist"; sourceTree = "<group>"; };
		7B8863C22A82DD70005C2573 /* ImageStyle.swift */ = {isa = PBXFileReference; lastKnownFileType = sourcecode.swift; path = ImageStyle.swift; sourceTree = "<group>"; };
		7B8863C62A8306F3005C2573 /* GeneratorView.swift */ = {isa = PBXFileReference; lastKnownFileType = sourcecode.swift; path = GeneratorView.swift; sourceTree = "<group>"; };
		7B8863C82A830BD5005C2573 /* GeneratorViewModel.swift */ = {isa = PBXFileReference; lastKnownFileType = sourcecode.swift; path = GeneratorViewModel.swift; sourceTree = "<group>"; };
		7B8863CD2A831C84005C2573 /* OpenAIService.swift */ = {isa = PBXFileReference; lastKnownFileType = sourcecode.swift; path = OpenAIService.swift; sourceTree = "<group>"; };
		7B8863CF2A8362AD005C2573 /* Constants.swift */ = {isa = PBXFileReference; lastKnownFileType = sourcecode.swift; path = Constants.swift; sourceTree = "<group>"; };
/* End PBXFileReference section */

/* Begin PBXFrameworksBuildPhase section */
		7B2BB25A2A82DCCA008EE046 /* Frameworks */ = {
			isa = PBXFrameworksBuildPhase;
			buildActionMask = 2147483647;
			files = (
				7BC1D0442A9D22770099496A /* FirebaseDatabaseSwift in Frameworks */,
				7BC1D03A2A9D22770099496A /* FirebaseAppDistribution-Beta in Frameworks */,
				7BC1D03E2A9D22770099496A /* FirebaseAuthCombine-Community in Frameworks */,
				7BC1D0342A9D22770099496A /* FirebaseAnalyticsSwift in Frameworks */,
				7BC1D0362A9D22770099496A /* FirebaseAnalyticsWithoutAdIdSupport in Frameworks */,
				7BC1D0302A9D22770099496A /* FirebaseAnalytics in Frameworks */,
				7BC1D0322A9D22770099496A /* FirebaseAnalyticsOnDeviceConversion in Frameworks */,
				7BC1D0382A9D22770099496A /* FirebaseAppCheck in Frameworks */,
				7B66AFF22AA153C9007A3C3A /* FirebaseFirestore in Frameworks */,
				7BC1D0402A9D22770099496A /* FirebaseCrashlytics in Frameworks */,
				7BC1D0422A9D22770099496A /* FirebaseDatabase in Frameworks */,
				7B8863CC2A831C69005C2573 /* Alamofire in Frameworks */,
				7BC1D0482A9D22770099496A /* FirebaseStorage in Frameworks */,
				7BC1D03C2A9D22770099496A /* FirebaseAuth in Frameworks */,
				7BC1D0462A9D22770099496A /* FirebaseDynamicLinks in Frameworks */,
			);
			runOnlyForDeploymentPostprocessing = 0;
		};
		7B2BB26A2A82DCCB008EE046 /* Frameworks */ = {
			isa = PBXFrameworksBuildPhase;
			buildActionMask = 2147483647;
			files = (
			);
			runOnlyForDeploymentPostprocessing = 0;
		};
		7B2BB2742A82DCCB008EE046 /* Frameworks */ = {
			isa = PBXFrameworksBuildPhase;
			buildActionMask = 2147483647;
			files = (
			);
			runOnlyForDeploymentPostprocessing = 0;
		};
/* End PBXFrameworksBuildPhase section */

/* Begin PBXGroup section */
		7B2BB2542A82DCCA008EE046 = {
			isa = PBXGroup;
			children = (
				7B2BB25F2A82DCCA008EE046 /* imageGeneratorApp */,
				7B2BB2702A82DCCB008EE046 /* imageGeneratorAppTests */,
				7B2BB27A2A82DCCB008EE046 /* imageGeneratorAppUITests */,
				7B2BB25E2A82DCCA008EE046 /* Products */,
				7B66AFF02AA153C9007A3C3A /* Frameworks */,
			);
			sourceTree = "<group>";
		};
		7B2BB25E2A82DCCA008EE046 /* Products */ = {
			isa = PBXGroup;
			children = (
				7B2BB25D2A82DCCA008EE046 /* imageGeneratorApp.app */,
				7B2BB26D2A82DCCB008EE046 /* imageGeneratorAppTests.xctest */,
				7B2BB2772A82DCCB008EE046 /* imageGeneratorAppUITests.xctest */,
			);
			name = Products;
			sourceTree = "<group>";
		};
		7B2BB25F2A82DCCA008EE046 /* imageGeneratorApp */ = {
			isa = PBXGroup;
			children = (
				7B66AFEF2AA15325007A3C3A /* AIView */,
				7B66B0042AA68448007A3C3A /* Models */,
				7B66AFE62A9DDCA9007A3C3A /* Extentions */,
				7B2BB2602A82DCCA008EE046 /* imageGeneratorAppApp.swift */,
				7B66AFEB2AA11E9F007A3C3A /* SignupLogin */,
				7B8863CD2A831C84005C2573 /* OpenAIService.swift */,
				7B8863CF2A8362AD005C2573 /* Constants.swift */,
				7B66AFF32AA1754E007A3C3A /* ViewModels */,
				7B8863C22A82DD70005C2573 /* ImageStyle.swift */,
				7B2BB2642A82DCCB008EE046 /* Assets.xcassets */,
				7B2BB2662A82DCCB008EE046 /* Preview Content */,
			);
			path = imageGeneratorApp;
			sourceTree = "<group>";
		};
		7B2BB2662A82DCCB008EE046 /* Preview Content */ = {
			isa = PBXGroup;
			children = (
				7B2BB2672A82DCCB008EE046 /* Preview Assets.xcassets */,
			);
			path = "Preview Content";
			sourceTree = "<group>";
		};
		7B2BB2702A82DCCB008EE046 /* imageGeneratorAppTests */ = {
			isa = PBXGroup;
			children = (
				7B2BB2712A82DCCB008EE046 /* imageGeneratorAppTests.swift */,
			);
			path = imageGeneratorAppTests;
			sourceTree = "<group>";
		};
		7B2BB27A2A82DCCB008EE046 /* imageGeneratorAppUITests */ = {
			isa = PBXGroup;
			children = (
				7B2BB27B2A82DCCB008EE046 /* imageGeneratorAppUITests.swift */,
				7B2BB27D2A82DCCB008EE046 /* imageGeneratorAppUITestsLaunchTests.swift */,
			);
			path = imageGeneratorAppUITests;
			sourceTree = "<group>";
		};
		7B66AFE62A9DDCA9007A3C3A /* Extentions */ = {
			isa = PBXGroup;
			children = (
				7B66B0072AA7A367007A3C3A /* Extentions.swift */,
			);
			path = Extentions;
			sourceTree = "<group>";
		};
		7B66AFEB2AA11E9F007A3C3A /* SignupLogin */ = {
			isa = PBXGroup;
			children = (
				7B66AFFE2AA25F26007A3C3A /* AIButton.swift */,
				7B66AFFC2AA18058007A3C3A /* LoginView.swift */,
				7B66AFF82AA17FC5007A3C3A /* RegisterView.swift */,
				7B66AFFA2AA17FFD007A3C3A /* MainView.swift */,
				7B66AFF62AA17A7D007A3C3A /* HeaderView.swift */,
			);
			path = SignupLogin;
			sourceTree = "<group>";
		};
		7B66AFEF2AA15325007A3C3A /* AIView */ = {
			isa = PBXGroup;
			children = (
				7B66B00B2AAD02F7007A3C3A /* GoogleService-Info.plist */,
				7B8863C62A8306F3005C2573 /* GeneratorView.swift */,
				7B2BB2622A82DCCA008EE046 /* PromptView.swift */,
			);
			path = AIView;
			sourceTree = "<group>";
		};
		7B66AFF02AA153C9007A3C3A /* Frameworks */ = {
			isa = PBXGroup;
			children = (
			);
			name = Frameworks;
			sourceTree = "<group>";
		};
		7B66AFF32AA1754E007A3C3A /* ViewModels */ = {
			isa = PBXGroup;
			children = (
				7B8863C82A830BD5005C2573 /* GeneratorViewModel.swift */,
				7B66B0002AA26345007A3C3A /* LoginViewModel.swift */,
				7B66B0022AA68209007A3C3A /* RegisterViewViewModel.swift */,
				7B66B0092AA7AA72007A3C3A /* MainViewViewModel.swift */,
			);
			path = ViewModels;
			sourceTree = "<group>";
		};
		7B66B0042AA68448007A3C3A /* Models */ = {
			isa = PBXGroup;
			children = (
				7B66B0052AA684AF007A3C3A /* User.swift */,
			);
			path = Models;
			sourceTree = "<group>";
		};
/* End PBXGroup section */

/* Begin PBXNativeTarget section */
		7B2BB25C2A82DCCA008EE046 /* imageGeneratorApp */ = {
			isa = PBXNativeTarget;
			buildConfigurationList = 7B2BB2812A82DCCB008EE046 /* Build configuration list for PBXNativeTarget "imageGeneratorApp" */;
			buildPhases = (
				7B2BB2592A82DCCA008EE046 /* Sources */,
				7B2BB25A2A82DCCA008EE046 /* Frameworks */,
				7B2BB25B2A82DCCA008EE046 /* Resources */,
			);
			buildRules = (
			);
			dependencies = (
			);
			name = imageGeneratorApp;
			packageProductDependencies = (
				7B8863CB2A831C69005C2573 /* Alamofire */,
				7BC1D02F2A9D22770099496A /* FirebaseAnalytics */,
				7BC1D0312A9D22770099496A /* FirebaseAnalyticsOnDeviceConversion */,
				7BC1D0332A9D22770099496A /* FirebaseAnalyticsSwift */,
				7BC1D0352A9D22770099496A /* FirebaseAnalyticsWithoutAdIdSupport */,
				7BC1D0372A9D22770099496A /* FirebaseAppCheck */,
				7BC1D0392A9D22770099496A /* FirebaseAppDistribution-Beta */,
				7BC1D03B2A9D22770099496A /* FirebaseAuth */,
				7BC1D03D2A9D22770099496A /* FirebaseAuthCombine-Community */,
				7BC1D03F2A9D22770099496A /* FirebaseCrashlytics */,
				7BC1D0412A9D22770099496A /* FirebaseDatabase */,
				7BC1D0432A9D22770099496A /* FirebaseDatabaseSwift */,
				7BC1D0452A9D22770099496A /* FirebaseDynamicLinks */,
				7BC1D0472A9D22770099496A /* FirebaseStorage */,
				7B66AFF12AA153C9007A3C3A /* FirebaseFirestore */,
			);
			productName = imageGeneratorApp;
			productReference = 7B2BB25D2A82DCCA008EE046 /* imageGeneratorApp.app */;
			productType = "com.apple.product-type.application";
		};
		7B2BB26C2A82DCCB008EE046 /* imageGeneratorAppTests */ = {
			isa = PBXNativeTarget;
			buildConfigurationList = 7B2BB2842A82DCCB008EE046 /* Build configuration list for PBXNativeTarget "imageGeneratorAppTests" */;
			buildPhases = (
				7B2BB2692A82DCCB008EE046 /* Sources */,
				7B2BB26A2A82DCCB008EE046 /* Frameworks */,
				7B2BB26B2A82DCCB008EE046 /* Resources */,
			);
			buildRules = (
			);
			dependencies = (
				7B2BB26F2A82DCCB008EE046 /* PBXTargetDependency */,
			);
			name = imageGeneratorAppTests;
			productName = imageGeneratorAppTests;
			productReference = 7B2BB26D2A82DCCB008EE046 /* imageGeneratorAppTests.xctest */;
			productType = "com.apple.product-type.bundle.unit-test";
		};
		7B2BB2762A82DCCB008EE046 /* imageGeneratorAppUITests */ = {
			isa = PBXNativeTarget;
			buildConfigurationList = 7B2BB2872A82DCCB008EE046 /* Build configuration list for PBXNativeTarget "imageGeneratorAppUITests" */;
			buildPhases = (
				7B2BB2732A82DCCB008EE046 /* Sources */,
				7B2BB2742A82DCCB008EE046 /* Frameworks */,
				7B2BB2752A82DCCB008EE046 /* Resources */,
			);
			buildRules = (
			);
			dependencies = (
				7B2BB2792A82DCCB008EE046 /* PBXTargetDependency */,
			);
			name = imageGeneratorAppUITests;
			productName = imageGeneratorAppUITests;
			productReference = 7B2BB2772A82DCCB008EE046 /* imageGeneratorAppUITests.xctest */;
			productType = "com.apple.product-type.bundle.ui-testing";
		};
/* End PBXNativeTarget section */

/* Begin PBXProject section */
		7B2BB2552A82DCCA008EE046 /* Project object */ = {
			isa = PBXProject;
			attributes = {
				BuildIndependentTargetsInParallel = 1;
				LastSwiftUpdateCheck = 1430;
				LastUpgradeCheck = 1430;
				TargetAttributes = {
					7B2BB25C2A82DCCA008EE046 = {
						CreatedOnToolsVersion = 14.3.1;
					};
					7B2BB26C2A82DCCB008EE046 = {
						CreatedOnToolsVersion = 14.3.1;
						TestTargetID = 7B2BB25C2A82DCCA008EE046;
					};
					7B2BB2762A82DCCB008EE046 = {
						CreatedOnToolsVersion = 14.3.1;
						TestTargetID = 7B2BB25C2A82DCCA008EE046;
					};
				};
			};
			buildConfigurationList = 7B2BB2582A82DCCA008EE046 /* Build configuration list for PBXProject "imageGeneratorApp" */;
			compatibilityVersion = "Xcode 14.0";
			developmentRegion = en;
			hasScannedForEncodings = 0;
			knownRegions = (
				en,
				Base,
			);
			mainGroup = 7B2BB2542A82DCCA008EE046;
			packageReferences = (
				7B8863CA2A831C69005C2573 /* XCRemoteSwiftPackageReference "Alamofire" */,
				7BC1D02E2A9D22770099496A /* XCRemoteSwiftPackageReference "firebase-ios-sdk" */,
			);
			productRefGroup = 7B2BB25E2A82DCCA008EE046 /* Products */;
			projectDirPath = "";
			projectRoot = "";
			targets = (
				7B2BB25C2A82DCCA008EE046 /* imageGeneratorApp */,
				7B2BB26C2A82DCCB008EE046 /* imageGeneratorAppTests */,
				7B2BB2762A82DCCB008EE046 /* imageGeneratorAppUITests */,
			);
		};
/* End PBXProject section */

/* Begin PBXResourcesBuildPhase section */
		7B2BB25B2A82DCCA008EE046 /* Resources */ = {
			isa = PBXResourcesBuildPhase;
			buildActionMask = 2147483647;
			files = (
				7B2BB2682A82DCCB008EE046 /* Preview Assets.xcassets in Resources */,
				7B2BB2652A82DCCB008EE046 /* Assets.xcassets in Resources */,
				7B66B00C2AAD02F7007A3C3A /* GoogleService-Info.plist in Resources */,
			);
			runOnlyForDeploymentPostprocessing = 0;
		};
		7B2BB26B2A82DCCB008EE046 /* Resources */ = {
			isa = PBXResourcesBuildPhase;
			buildActionMask = 2147483647;
			files = (
			);
			runOnlyForDeploymentPostprocessing = 0;
		};
		7B2BB2752A82DCCB008EE046 /* Resources */ = {
			isa = PBXResourcesBuildPhase;
			buildActionMask = 2147483647;
			files = (
			);
			runOnlyForDeploymentPostprocessing = 0;
		};
/* End PBXResourcesBuildPhase section */

/* Begin PBXSourcesBuildPhase section */
		7B2BB2592A82DCCA008EE046 /* Sources */ = {
			isa = PBXSourcesBuildPhase;
			buildActionMask = 2147483647;
			files = (
				7B8863C92A830BD5005C2573 /* GeneratorViewModel.swift in Sources */,
				7B8863C72A8306F3005C2573 /* GeneratorView.swift in Sources */,
				7B66B00A2AA7AA72007A3C3A /* MainViewViewModel.swift in Sources */,
				7B66AFF92AA17FC5007A3C3A /* RegisterView.swift in Sources */,
				7B66AFFD2AA18058007A3C3A /* LoginView.swift in Sources */,
				7B66B0062AA684B0007A3C3A /* User.swift in Sources */,
				7B66B0032AA68209007A3C3A /* RegisterViewViewModel.swift in Sources */,
				7B8863C32A82DD70005C2573 /* ImageStyle.swift in Sources */,
				7B66B0012AA26345007A3C3A /* LoginViewModel.swift in Sources */,
				7B8863CE2A831C84005C2573 /* OpenAIService.swift in Sources */,
				7B8863D02A8362AD005C2573 /* Constants.swift in Sources */,
				7B2BB2632A82DCCA008EE046 /* PromptView.swift in Sources */,
				7B2BB2612A82DCCA008EE046 /* imageGeneratorAppApp.swift in Sources */,
				7B66B0082AA7A367007A3C3A /* Extentions.swift in Sources */,
				7B66AFFB2AA17FFD007A3C3A /* MainView.swift in Sources */,
				7B66AFFF2AA25F26007A3C3A /* AIButton.swift in Sources */,
				7B66AFF72AA17A7D007A3C3A /* HeaderView.swift in Sources */,
			);
			runOnlyForDeploymentPostprocessing = 0;
		};
		7B2BB2692A82DCCB008EE046 /* Sources */ = {
			isa = PBXSourcesBuildPhase;
			buildActionMask = 2147483647;
			files = (
				7B2BB2722A82DCCB008EE046 /* imageGeneratorAppTests.swift in Sources */,
			);
			runOnlyForDeploymentPostprocessing = 0;
		};
		7B2BB2732A82DCCB008EE046 /* Sources */ = {
			isa = PBXSourcesBuildPhase;
			buildActionMask = 2147483647;
			files = (
				7B2BB27E2A82DCCB008EE046 /* imageGeneratorAppUITestsLaunchTests.swift in Sources */,
				7B2BB27C2A82DCCB008EE046 /* imageGeneratorAppUITests.swift in Sources */,
			);
			runOnlyForDeploymentPostprocessing = 0;
		};
/* End PBXSourcesBuildPhase section */

/* Begin PBXTargetDependency section */
		7B2BB26F2A82DCCB008EE046 /* PBXTargetDependency */ = {
			isa = PBXTargetDependency;
			target = 7B2BB25C2A82DCCA008EE046 /* imageGeneratorApp */;
			targetProxy = 7B2BB26E2A82DCCB008EE046 /* PBXContainerItemProxy */;
		};
		7B2BB2792A82DCCB008EE046 /* PBXTargetDependency */ = {
			isa = PBXTargetDependency;
			target = 7B2BB25C2A82DCCA008EE046 /* imageGeneratorApp */;
			targetProxy = 7B2BB2782A82DCCB008EE046 /* PBXContainerItemProxy */;
		};
/* End PBXTargetDependency section */

/* Begin XCBuildConfiguration section */
		7B2BB27F2A82DCCB008EE046 /* Debug */ = {
			isa = XCBuildConfiguration;
			buildSettings = {
				ALWAYS_SEARCH_USER_PATHS = NO;
				CLANG_ANALYZER_NONNULL = YES;
				CLANG_ANALYZER_NUMBER_OBJECT_CONVERSION = YES_AGGRESSIVE;
				CLANG_CXX_LANGUAGE_STANDARD = "gnu++20";
				CLANG_ENABLE_MODULES = YES;
				CLANG_ENABLE_OBJC_ARC = YES;
				CLANG_ENABLE_OBJC_WEAK = YES;
				CLANG_WARN_BLOCK_CAPTURE_AUTORELEASING = YES;
				CLANG_WARN_BOOL_CONVERSION = YES;
				CLANG_WARN_COMMA = YES;
				CLANG_WARN_CONSTANT_CONVERSION = YES;
				CLANG_WARN_DEPRECATED_OBJC_IMPLEMENTATIONS = YES;
				CLANG_WARN_DIRECT_OBJC_ISA_USAGE = YES_ERROR;
				CLANG_WARN_DOCUMENTATION_COMMENTS = YES;
				CLANG_WARN_EMPTY_BODY = YES;
				CLANG_WARN_ENUM_CONVERSION = YES;
				CLANG_WARN_INFINITE_RECURSION = YES;
				CLANG_WARN_INT_CONVERSION = YES;
				CLANG_WARN_NON_LITERAL_NULL_CONVERSION = YES;
				CLANG_WARN_OBJC_IMPLICIT_RETAIN_SELF = YES;
				CLANG_WARN_OBJC_LITERAL_CONVERSION = YES;
				CLANG_WARN_OBJC_ROOT_CLASS = YES_ERROR;
				CLANG_WARN_QUOTED_INCLUDE_IN_FRAMEWORK_HEADER = YES;
				CLANG_WARN_RANGE_LOOP_ANALYSIS = YES;
				CLANG_WARN_STRICT_PROTOTYPES = YES;
				CLANG_WARN_SUSPICIOUS_MOVE = YES;
				CLANG_WARN_UNGUARDED_AVAILABILITY = YES_AGGRESSIVE;
				CLANG_WARN_UNREACHABLE_CODE = YES;
				CLANG_WARN__DUPLICATE_METHOD_MATCH = YES;
				COPY_PHASE_STRIP = NO;
				DEBUG_INFORMATION_FORMAT = dwarf;
				ENABLE_STRICT_OBJC_MSGSEND = YES;
				ENABLE_TESTABILITY = YES;
				GCC_C_LANGUAGE_STANDARD = gnu11;
				GCC_DYNAMIC_NO_PIC = NO;
				GCC_NO_COMMON_BLOCKS = YES;
				GCC_OPTIMIZATION_LEVEL = 0;
				GCC_PREPROCESSOR_DEFINITIONS = (
					"DEBUG=1",
					"$(inherited)",
				);
				GCC_WARN_64_TO_32_BIT_CONVERSION = YES;
				GCC_WARN_ABOUT_RETURN_TYPE = YES_ERROR;
				GCC_WARN_UNDECLARED_SELECTOR = YES;
				GCC_WARN_UNINITIALIZED_AUTOS = YES_AGGRESSIVE;
				GCC_WARN_UNUSED_FUNCTION = YES;
				GCC_WARN_UNUSED_VARIABLE = YES;
				IPHONEOS_DEPLOYMENT_TARGET = 16.4;
				MTL_ENABLE_DEBUG_INFO = INCLUDE_SOURCE;
				MTL_FAST_MATH = YES;
				ONLY_ACTIVE_ARCH = YES;
				SDKROOT = iphoneos;
				SWIFT_ACTIVE_COMPILATION_CONDITIONS = DEBUG;
				SWIFT_OPTIMIZATION_LEVEL = "-Onone";
			};
			name = Debug;
		};
		7B2BB2802A82DCCB008EE046 /* Release */ = {
			isa = XCBuildConfiguration;
			buildSettings = {
				ALWAYS_SEARCH_USER_PATHS = NO;
				CLANG_ANALYZER_NONNULL = YES;
				CLANG_ANALYZER_NUMBER_OBJECT_CONVERSION = YES_AGGRESSIVE;
				CLANG_CXX_LANGUAGE_STANDARD = "gnu++20";
				CLANG_ENABLE_MODULES = YES;
				CLANG_ENABLE_OBJC_ARC = YES;
				CLANG_ENABLE_OBJC_WEAK = YES;
				CLANG_WARN_BLOCK_CAPTURE_AUTORELEASING = YES;
				CLANG_WARN_BOOL_CONVERSION = YES;
				CLANG_WARN_COMMA = YES;
				CLANG_WARN_CONSTANT_CONVERSION = YES;
				CLANG_WARN_DEPRECATED_OBJC_IMPLEMENTATIONS = YES;
				CLANG_WARN_DIRECT_OBJC_ISA_USAGE = YES_ERROR;
				CLANG_WARN_DOCUMENTATION_COMMENTS = YES;
				CLANG_WARN_EMPTY_BODY = YES;
				CLANG_WARN_ENUM_CONVERSION = YES;
				CLANG_WARN_INFINITE_RECURSION = YES;
				CLANG_WARN_INT_CONVERSION = YES;
				CLANG_WARN_NON_LITERAL_NULL_CONVERSION = YES;
				CLANG_WARN_OBJC_IMPLICIT_RETAIN_SELF = YES;
				CLANG_WARN_OBJC_LITERAL_CONVERSION = YES;
				CLANG_WARN_OBJC_ROOT_CLASS = YES_ERROR;
				CLANG_WARN_QUOTED_INCLUDE_IN_FRAMEWORK_HEADER = YES;
				CLANG_WARN_RANGE_LOOP_ANALYSIS = YES;
				CLANG_WARN_STRICT_PROTOTYPES = YES;
				CLANG_WARN_SUSPICIOUS_MOVE = YES;
				CLANG_WARN_UNGUARDED_AVAILABILITY = YES_AGGRESSIVE;
				CLANG_WARN_UNREACHABLE_CODE = YES;
				CLANG_WARN__DUPLICATE_METHOD_MATCH = YES;
				COPY_PHASE_STRIP = NO;
				DEBUG_INFORMATION_FORMAT = "dwarf-with-dsym";
				ENABLE_NS_ASSERTIONS = NO;
				ENABLE_STRICT_OBJC_MSGSEND = YES;
				GCC_C_LANGUAGE_STANDARD = gnu11;
				GCC_NO_COMMON_BLOCKS = YES;
				GCC_WARN_64_TO_32_BIT_CONVERSION = YES;
				GCC_WARN_ABOUT_RETURN_TYPE = YES_ERROR;
				GCC_WARN_UNDECLARED_SELECTOR = YES;
				GCC_WARN_UNINITIALIZED_AUTOS = YES_AGGRESSIVE;
				GCC_WARN_UNUSED_FUNCTION = YES;
				GCC_WARN_UNUSED_VARIABLE = YES;
				IPHONEOS_DEPLOYMENT_TARGET = 16.4;
				MTL_ENABLE_DEBUG_INFO = NO;
				MTL_FAST_MATH = YES;
				SDKROOT = iphoneos;
				SWIFT_COMPILATION_MODE = wholemodule;
				SWIFT_OPTIMIZATION_LEVEL = "-O";
				VALIDATE_PRODUCT = YES;
			};
			name = Release;
		};
		7B2BB2822A82DCCB008EE046 /* Debug */ = {
			isa = XCBuildConfiguration;
			buildSettings = {
				ASSETCATALOG_COMPILER_APPICON_NAME = AppIcon;
				ASSETCATALOG_COMPILER_GLOBAL_ACCENT_COLOR_NAME = AccentColor;
				CODE_SIGN_STYLE = Automatic;
				CURRENT_PROJECT_VERSION = 1;
				DEVELOPMENT_ASSET_PATHS = "\"imageGeneratorApp/Preview Content\"";
				DEVELOPMENT_TEAM = 3JS2SYS8UZ;
				ENABLE_PREVIEWS = YES;
				GENERATE_INFOPLIST_FILE = YES;
				INFOPLIST_KEY_UIApplicationSceneManifest_Generation = YES;
				INFOPLIST_KEY_UIApplicationSupportsIndirectInputEvents = YES;
				INFOPLIST_KEY_UILaunchScreen_Generation = YES;
				INFOPLIST_KEY_UISupportedInterfaceOrientations_iPad = "UIInterfaceOrientationPortrait UIInterfaceOrientationPortraitUpsideDown UIInterfaceOrientationLandscapeLeft UIInterfaceOrientationLandscapeRight";
				INFOPLIST_KEY_UISupportedInterfaceOrientations_iPhone = "UIInterfaceOrientationPortrait UIInterfaceOrientationLandscapeLeft UIInterfaceOrientationLandscapeRight";
				LD_RUNPATH_SEARCH_PATHS = (
					"$(inherited)",
					"@executable_path/Frameworks",
				);
				MARKETING_VERSION = 1.0;
				PRODUCT_BUNDLE_IDENTIFIER = illia.imageGeneratorApp;
				PRODUCT_NAME = "$(TARGET_NAME)";
				SWIFT_EMIT_LOC_STRINGS = YES;
				SWIFT_VERSION = 5.0;
				TARGETED_DEVICE_FAMILY = "1,2";
			};
			name = Debug;
		};
		7B2BB2832A82DCCB008EE046 /* Release */ = {
			isa = XCBuildConfiguration;
			buildSettings = {
				ASSETCATALOG_COMPILER_APPICON_NAME = AppIcon;
				ASSETCATALOG_COMPILER_GLOBAL_ACCENT_COLOR_NAME = AccentColor;
				CODE_SIGN_STYLE = Automatic;
				CURRENT_PROJECT_VERSION = 1;
				DEVELOPMENT_ASSET_PATHS = "\"imageGeneratorApp/Preview Content\"";
				DEVELOPMENT_TEAM = 3JS2SYS8UZ;
				ENABLE_PREVIEWS = YES;
				GENERATE_INFOPLIST_FILE = YES;
				INFOPLIST_KEY_UIApplicationSceneManifest_Generation = YES;
				INFOPLIST_KEY_UIApplicationSupportsIndirectInputEvents = YES;
				INFOPLIST_KEY_UILaunchScreen_Generation = YES;
				INFOPLIST_KEY_UISupportedInterfaceOrientations_iPad = "UIInterfaceOrientationPortrait UIInterfaceOrientationPortraitUpsideDown UIInterfaceOrientationLandscapeLeft UIInterfaceOrientationLandscapeRight";
				INFOPLIST_KEY_UISupportedInterfaceOrientations_iPhone = "UIInterfaceOrientationPortrait UIInterfaceOrientationLandscapeLeft UIInterfaceOrientationLandscapeRight";
				LD_RUNPATH_SEARCH_PATHS = (
					"$(inherited)",
					"@executable_path/Frameworks",
				);
				MARKETING_VERSION = 1.0;
				PRODUCT_BUNDLE_IDENTIFIER = illia.imageGeneratorApp;
				PRODUCT_NAME = "$(TARGET_NAME)";
				SWIFT_EMIT_LOC_STRINGS = YES;
				SWIFT_VERSION = 5.0;
				TARGETED_DEVICE_FAMILY = "1,2";
			};
			name = Release;
		};
		7B2BB2852A82DCCB008EE046 /* Debug */ = {
			isa = XCBuildConfiguration;
			buildSettings = {
				ALWAYS_EMBED_SWIFT_STANDARD_LIBRARIES = YES;
				BUNDLE_LOADER = "$(TEST_HOST)";
				CODE_SIGN_STYLE = Automatic;
				CURRENT_PROJECT_VERSION = 1;
				GENERATE_INFOPLIST_FILE = YES;
				IPHONEOS_DEPLOYMENT_TARGET = 16.4;
				MARKETING_VERSION = 1.0;
				PRODUCT_BUNDLE_IDENTIFIER = illia.imageGeneratorAppTests;
				PRODUCT_NAME = "$(TARGET_NAME)";
				SWIFT_EMIT_LOC_STRINGS = NO;
				SWIFT_VERSION = 5.0;
				TARGETED_DEVICE_FAMILY = "1,2";
				TEST_HOST = "$(BUILT_PRODUCTS_DIR)/imageGeneratorApp.app/$(BUNDLE_EXECUTABLE_FOLDER_PATH)/imageGeneratorApp";
			};
			name = Debug;
		};
		7B2BB2862A82DCCB008EE046 /* Release */ = {
			isa = XCBuildConfiguration;
			buildSettings = {
				ALWAYS_EMBED_SWIFT_STANDARD_LIBRARIES = YES;
				BUNDLE_LOADER = "$(TEST_HOST)";
				CODE_SIGN_STYLE = Automatic;
				CURRENT_PROJECT_VERSION = 1;
				GENERATE_INFOPLIST_FILE = YES;
				IPHONEOS_DEPLOYMENT_TARGET = 16.4;
				MARKETING_VERSION = 1.0;
				PRODUCT_BUNDLE_IDENTIFIER = illia.imageGeneratorAppTests;
				PRODUCT_NAME = "$(TARGET_NAME)";
				SWIFT_EMIT_LOC_STRINGS = NO;
				SWIFT_VERSION = 5.0;
				TARGETED_DEVICE_FAMILY = "1,2";
				TEST_HOST = "$(BUILT_PRODUCTS_DIR)/imageGeneratorApp.app/$(BUNDLE_EXECUTABLE_FOLDER_PATH)/imageGeneratorApp";
			};
			name = Release;
		};
		7B2BB2882A82DCCB008EE046 /* Debug */ = {
			isa = XCBuildConfiguration;
			buildSettings = {
				ALWAYS_EMBED_SWIFT_STANDARD_LIBRARIES = YES;
				CODE_SIGN_STYLE = Automatic;
				CURRENT_PROJECT_VERSION = 1;
				GENERATE_INFOPLIST_FILE = YES;
				MARKETING_VERSION = 1.0;
				PRODUCT_BUNDLE_IDENTIFIER = illia.imageGeneratorAppUITests;
				PRODUCT_NAME = "$(TARGET_NAME)";
				SWIFT_EMIT_LOC_STRINGS = NO;
				SWIFT_VERSION = 5.0;
				TARGETED_DEVICE_FAMILY = "1,2";
				TEST_TARGET_NAME = imageGeneratorApp;
			};
			name = Debug;
		};
		7B2BB2892A82DCCB008EE046 /* Release */ = {
			isa = XCBuildConfiguration;
			buildSettings = {
				ALWAYS_EMBED_SWIFT_STANDARD_LIBRARIES = YES;
				CODE_SIGN_STYLE = Automatic;
				CURRENT_PROJECT_VERSION = 1;
				GENERATE_INFOPLIST_FILE = YES;
				MARKETING_VERSION = 1.0;
				PRODUCT_BUNDLE_IDENTIFIER = illia.imageGeneratorAppUITests;
				PRODUCT_NAME = "$(TARGET_NAME)";
				SWIFT_EMIT_LOC_STRINGS = NO;
				SWIFT_VERSION = 5.0;
				TARGETED_DEVICE_FAMILY = "1,2";
				TEST_TARGET_NAME = imageGeneratorApp;
			};
			name = Release;
		};
/* End XCBuildConfiguration section */

/* Begin XCConfigurationList section */
		7B2BB2582A82DCCA008EE046 /* Build configuration list for PBXProject "imageGeneratorApp" */ = {
			isa = XCConfigurationList;
			buildConfigurations = (
				7B2BB27F2A82DCCB008EE046 /* Debug */,
				7B2BB2802A82DCCB008EE046 /* Release */,
			);
			defaultConfigurationIsVisible = 0;
			defaultConfigurationName = Release;
		};
		7B2BB2812A82DCCB008EE046 /* Build configuration list for PBXNativeTarget "imageGeneratorApp" */ = {
			isa = XCConfigurationList;
			buildConfigurations = (
				7B2BB2822A82DCCB008EE046 /* Debug */,
				7B2BB2832A82DCCB008EE046 /* Release */,
			);
			defaultConfigurationIsVisible = 0;
			defaultConfigurationName = Release;
		};
		7B2BB2842A82DCCB008EE046 /* Build configuration list for PBXNativeTarget "imageGeneratorAppTests" */ = {
			isa = XCConfigurationList;
			buildConfigurations = (
				7B2BB2852A82DCCB008EE046 /* Debug */,
				7B2BB2862A82DCCB008EE046 /* Release */,
			);
			defaultConfigurationIsVisible = 0;
			defaultConfigurationName = Release;
		};
		7B2BB2872A82DCCB008EE046 /* Build configuration list for PBXNativeTarget "imageGeneratorAppUITests" */ = {
			isa = XCConfigurationList;
			buildConfigurations = (
				7B2BB2882A82DCCB008EE046 /* Debug */,
				7B2BB2892A82DCCB008EE046 /* Release */,
			);
			defaultConfigurationIsVisible = 0;
			defaultConfigurationName = Release;
		};
/* End XCConfigurationList section */

/* Begin XCRemoteSwiftPackageReference section */
		7B8863CA2A831C69005C2573 /* XCRemoteSwiftPackageReference "Alamofire" */ = {
			isa = XCRemoteSwiftPackageReference;
			repositoryURL = "https://github.com/Alamofire/Alamofire.git";
			requirement = {
				kind = upToNextMajorVersion;
				minimumVersion = 5.0.0;
			};
		};
		7BC1D02E2A9D22770099496A /* XCRemoteSwiftPackageReference "firebase-ios-sdk" */ = {
			isa = XCRemoteSwiftPackageReference;
			repositoryURL = "https://github.com/firebase/firebase-ios-sdk";
			requirement = {
				kind = upToNextMajorVersion;
				minimumVersion = 10.0.0;
			};
		};
/* End XCRemoteSwiftPackageReference section */

/* Begin XCSwiftPackageProductDependency section */
		7B66AFF12AA153C9007A3C3A /* FirebaseFirestore */ = {
			isa = XCSwiftPackageProductDependency;
			package = 7BC1D02E2A9D22770099496A /* XCRemoteSwiftPackageReference "firebase-ios-sdk" */;
			productName = FirebaseFirestore;
		};
		7B8863CB2A831C69005C2573 /* Alamofire */ = {
			isa = XCSwiftPackageProductDependency;
			package = 7B8863CA2A831C69005C2573 /* XCRemoteSwiftPackageReference "Alamofire" */;
			productName = Alamofire;
		};
		7BC1D02F2A9D22770099496A /* FirebaseAnalytics */ = {
			isa = XCSwiftPackageProductDependency;
			package = 7BC1D02E2A9D22770099496A /* XCRemoteSwiftPackageReference "firebase-ios-sdk" */;
			productName = FirebaseAnalytics;
		};
		7BC1D0312A9D22770099496A /* FirebaseAnalyticsOnDeviceConversion */ = {
			isa = XCSwiftPackageProductDependency;
			package = 7BC1D02E2A9D22770099496A /* XCRemoteSwiftPackageReference "firebase-ios-sdk" */;
			productName = FirebaseAnalyticsOnDeviceConversion;
		};
		7BC1D0332A9D22770099496A /* FirebaseAnalyticsSwift */ = {
			isa = XCSwiftPackageProductDependency;
			package = 7BC1D02E2A9D22770099496A /* XCRemoteSwiftPackageReference "firebase-ios-sdk" */;
			productName = FirebaseAnalyticsSwift;
		};
		7BC1D0352A9D22770099496A /* FirebaseAnalyticsWithoutAdIdSupport */ = {
			isa = XCSwiftPackageProductDependency;
			package = 7BC1D02E2A9D22770099496A /* XCRemoteSwiftPackageReference "firebase-ios-sdk" */;
			productName = FirebaseAnalyticsWithoutAdIdSupport;
		};
		7BC1D0372A9D22770099496A /* FirebaseAppCheck */ = {
			isa = XCSwiftPackageProductDependency;
			package = 7BC1D02E2A9D22770099496A /* XCRemoteSwiftPackageReference "firebase-ios-sdk" */;
			productName = FirebaseAppCheck;
		};
		7BC1D0392A9D22770099496A /* FirebaseAppDistribution-Beta */ = {
			isa = XCSwiftPackageProductDependency;
			package = 7BC1D02E2A9D22770099496A /* XCRemoteSwiftPackageReference "firebase-ios-sdk" */;
			productName = "FirebaseAppDistribution-Beta";
		};
		7BC1D03B2A9D22770099496A /* FirebaseAuth */ = {
			isa = XCSwiftPackageProductDependency;
			package = 7BC1D02E2A9D22770099496A /* XCRemoteSwiftPackageReference "firebase-ios-sdk" */;
			productName = FirebaseAuth;
		};
		7BC1D03D2A9D22770099496A /* FirebaseAuthCombine-Community */ = {
			isa = XCSwiftPackageProductDependency;
			package = 7BC1D02E2A9D22770099496A /* XCRemoteSwiftPackageReference "firebase-ios-sdk" */;
			productName = "FirebaseAuthCombine-Community";
		};
		7BC1D03F2A9D22770099496A /* FirebaseCrashlytics */ = {
			isa = XCSwiftPackageProductDependency;
			package = 7BC1D02E2A9D22770099496A /* XCRemoteSwiftPackageReference "firebase-ios-sdk" */;
			productName = FirebaseCrashlytics;
		};
		7BC1D0412A9D22770099496A /* FirebaseDatabase */ = {
			isa = XCSwiftPackageProductDependency;
			package = 7BC1D02E2A9D22770099496A /* XCRemoteSwiftPackageReference "firebase-ios-sdk" */;
			productName = FirebaseDatabase;
		};
		7BC1D0432A9D22770099496A /* FirebaseDatabaseSwift */ = {
			isa = XCSwiftPackageProductDependency;
			package = 7BC1D02E2A9D22770099496A /* XCRemoteSwiftPackageReference "firebase-ios-sdk" */;
			productName = FirebaseDatabaseSwift;
		};
		7BC1D0452A9D22770099496A /* FirebaseDynamicLinks */ = {
			isa = XCSwiftPackageProductDependency;
			package = 7BC1D02E2A9D22770099496A /* XCRemoteSwiftPackageReference "firebase-ios-sdk" */;
			productName = FirebaseDynamicLinks;
		};
		7BC1D0472A9D22770099496A /* FirebaseStorage */ = {
			isa = XCSwiftPackageProductDependency;
			package = 7BC1D02E2A9D22770099496A /* XCRemoteSwiftPackageReference "firebase-ios-sdk" */;
			productName = FirebaseStorage;
		};
/* End XCSwiftPackageProductDependency section */
	};
	rootObject = 7B2BB2552A82DCCA008EE046 /* Project object */;
}
