// !$*UTF8*$!
{
	archiveVersion = 1;
	classes = {
	};
	objectVersion = 56;
	objects = {

/* Begin PBXBuildFile section */
		7B2BB2612A82DCCA008EE046 /* imageGeneratorAppApp.swift in Sources */ = {isa = PBXBuildFile; fileRef = 7B2BB2602A82DCCA008EE046 /* imageGeneratorAppApp.swift */; };
		7B2BB2632A82DCCA008EE046 /* ContentView.swift in Sources */ = {isa = PBXBuildFile; fileRef = 7B2BB2622A82DCCA008EE046 /* ContentView.swift */; };
		7B2BB2652A82DCCB008EE046 /* Assets.xcassets in Resources */ = {isa = PBXBuildFile; fileRef = 7B2BB2642A82DCCB008EE046 /* Assets.xcassets */; };
		7B2BB2682A82DCCB008EE046 /* Preview Assets.xcassets in Resources */ = {isa = PBXBuildFile; fileRef = 7B2BB2672A82DCCB008EE046 /* Preview Assets.xcassets */; };
		7B2BB2722A82DCCB008EE046 /* imageGeneratorAppTests.swift in Sources */ = {isa = PBXBuildFile; fileRef = 7B2BB2712A82DCCB008EE046 /* imageGeneratorAppTests.swift */; };
		7B2BB27C2A82DCCB008EE046 /* imageGeneratorAppUITests.swift in Sources */ = {isa = PBXBuildFile; fileRef = 7B2BB27B2A82DCCB008EE046 /* imageGeneratorAppUITests.swift */; };
		7B2BB27E2A82DCCB008EE046 /* imageGeneratorAppUITestsLaunchTests.swift in Sources */ = {isa = PBXBuildFile; fileRef = 7B2BB27D2A82DCCB008EE046 /* imageGeneratorAppUITestsLaunchTests.swift */; };
/* End PBXBuildFile section */

/* Begin PBXContainerItemProxy section */
		7B2BB26E2A82DCCB008EE046 /* PBXContainerItemProxy */ = {
			isa = PBXContainerItemProxy;
			containerPortal = 7B2BB2552A82DCCA008EE046 /* Project object */;
			proxyType = 1;
			remoteGlobalIDString = 7B2BB25C2A82DCCA008EE046;
			remoteInfo = imageGeneratorApp;
		};
		7B2BB2782A82DCCB008EE046 /* PBXContainerItemProxy */ = {
			isa = PBXContainerItemProxy;
			containerPortal = 7B2BB2552A82DCCA008EE046 /* Project object */;
			proxyType = 1;
			remoteGlobalIDString = 7B2BB25C2A82DCCA008EE046;
			remoteInfo = imageGeneratorApp;
		};
/* End PBXContainerItemProxy section */

/* Begin PBXFileReference section */
		7B2BB25D2A82DCCA008EE046 /* imageGeneratorApp.app */ = {isa = PBXFileReference; explicitFileType = wrapper.application; includeInIndex = 0; path = imageGeneratorApp.app; sourceTree = BUILT_PRODUCTS_DIR; };
		7B2BB2602A82DCCA008EE046 /* imageGeneratorAppApp.swift */ = {isa = PBXFileReference; lastKnownFileType = sourcecode.swift; path = imageGeneratorAppApp.swift; sourceTree = "<group>"; };
		7B2BB2622A82DCCA008EE046 /* ContentView.swift */ = {isa = PBXFileReference; lastKnownFileType = sourcecode.swift; path = ContentView.swift; sourceTree = "<group>"; };
		7B2BB2642A82DCCB008EE046 /* Assets.xcassets */ = {isa = PBXFileReference; lastKnownFileType = folder.assetcatalog; path = Assets.xcassets; sourceTree = "<group>"; };
		7B2BB2672A82DCCB008EE046 /* Preview Assets.xcassets */ = {isa = PBXFileReference; lastKnownFileType = folder.assetcatalog; path = "Preview Assets.xcassets"; sourceTree = "<group>"; };
		7B2BB26D2A82DCCB008EE046 /* imageGeneratorAppTests.xctest */ = {isa = PBXFileReference; explicitFileType = wrapper.cfbundle; includeInIndex = 0; path = imageGeneratorAppTests.xctest; sourceTree = BUILT_PRODUCTS_DIR; };
		7B2BB2712A82DCCB008EE046 /* imageGeneratorAppTests.swift */ = {isa = PBXFileReference; lastKnownFileType = sourcecode.swift; path = imageGeneratorAppTests.swift; sourceTree = "<group>"; };
		7B2BB2772A82DCCB008EE046 /* imageGeneratorAppUITests.xctest */ = {isa = PBXFileReference; explicitFileType = wrapper.cfbundle; includeInIndex = 0; path = imageGeneratorAppUITests.xctest; sourceTree = BUILT_PRODUCTS_DIR; };
		7B2BB27B2A82DCCB008EE046 /* imageGeneratorAppUITests.swift */ = {isa = PBXFileReference; lastKnownFileType = sourcecode.swift; path = imageGeneratorAppUITests.swift; sourceTree = "<group>"; };
		7B2BB27D2A82DCCB008EE046 /* imageGeneratorAppUITestsLaunchTests.swift */ = {isa = PBXFileReference; lastKnownFileType = sourcecode.swift; path = imageGeneratorAppUITestsLaunchTests.swift; sourceTree = "<group>"; };
/* End PBXFileReference section */

/* Begin PBXFrameworksBuildPhase section */
		7B2BB25A2A82DCCA008EE046 /* Frameworks */ = {
			isa = PBXFrameworksBuildPhase;
			buildActionMask = 2147483647;
			files = (
			);
			runOnlyForDeploymentPostprocessing = 0;
		};
		7B2BB26A2A82DCCB008EE046 /* Frameworks */ = {
			isa = PBXFrameworksBuildPhase;
			buildActionMask = 2147483647;
			files = (
			);
			runOnlyForDeploymentPostprocessing = 0;
		};
		7B2BB2742A82DCCB008EE046 /* Frameworks */ = {
			isa = PBXFrameworksBuildPhase;
			buildActionMask = 2147483647;
			files = (
			);
			runOnlyForDeploymentPostprocessing = 0;
		};
/* End PBXFrameworksBuildPhase section */

/* Begin PBXGroup section */
		7B2BB2542A82DCCA008EE046 = {
			isa = PBXGroup;
			children = (
				7B2BB25F2A82DCCA008EE046 /* imageGeneratorApp */,
				7B2BB2702A82DCCB008EE046 /* imageGeneratorAppTests */,
				7B2BB27A2A82DCCB008EE046 /* imageGeneratorAppUITests */,
				7B2BB25E2A82DCCA008EE046 /* Products */,
			);
			sourceTree = "<group>";
		};
		7B2BB25E2A82DCCA008EE046 /* Products */ = {
			isa = PBXGroup;
			children = (
				7B2BB25D2A82DCCA008EE046 /* imageGeneratorApp.app */,
				7B2BB26D2A82DCCB008EE046 /* imageGeneratorAppTests.xctest */,
				7B2BB2772A82DCCB008EE046 /* imageGeneratorAppUITests.xctest */,
			);
			name = Products;
			sourceTree = "<group>";
		};
		7B2BB25F2A82DCCA008EE046 /* imageGeneratorApp */ = {
			isa = PBXGroup;
			children = (
				7B2BB2602A82DCCA008EE046 /* imageGeneratorAppApp.swift */,
				7B2BB2622A82DCCA008EE046 /* ContentView.swift */,
				7B2BB2642A82DCCB008EE046 /* Assets.xcassets */,
				7B2BB2662A82DCCB008EE046 /* Preview Content */,
			);
			path = imageGeneratorApp;
			sourceTree = "<group>";
		};
		7B2BB2662A82DCCB008EE046 /* Preview Content */ = {
			isa = PBXGroup;
			children = (
				7B2BB2672A82DCCB008EE046 /* Preview Assets.xcassets */,
			);
			path = "Preview Content";
			sourceTree = "<group>";
		};
		7B2BB2702A82DCCB008EE046 /* imageGeneratorAppTests */ = {
			isa = PBXGroup;
			children = (
				7B2BB2712A82DCCB008EE046 /* imageGeneratorAppTests.swift */,
			);
			path = imageGeneratorAppTests;
			sourceTree = "<group>";
		};
		7B2BB27A2A82DCCB008EE046 /* imageGeneratorAppUITests */ = {
			isa = PBXGroup;
			children = (
				7B2BB27B2A82DCCB008EE046 /* imageGeneratorAppUITests.swift */,
				7B2BB27D2A82DCCB008EE046 /* imageGeneratorAppUITestsLaunchTests.swift */,
			);
			path = imageGeneratorAppUITests;
			sourceTree = "<group>";
		};
/* End PBXGroup section */

/* Begin PBXNativeTarget section */
		7B2BB25C2A82DCCA008EE046 /* imageGeneratorApp */ = {
			isa = PBXNativeTarget;
			buildConfigurationList = 7B2BB2812A82DCCB008EE046 /* Build configuration list for PBXNativeTarget "imageGeneratorApp" */;
			buildPhases = (
				7B2BB2592A82DCCA008EE046 /* Sources */,
				7B2BB25A2A82DCCA008EE046 /* Frameworks */,
				7B2BB25B2A82DCCA008EE046 /* Resources */,
			);
			buildRules = (
			);
			dependencies = (
			);
			name = imageGeneratorApp;
			productName = imageGeneratorApp;
			productReference = 7B2BB25D2A82DCCA008EE046 /* imageGeneratorApp.app */;
			productType = "com.apple.product-type.application";
		};
		7B2BB26C2A82DCCB008EE046 /* imageGeneratorAppTests */ = {
			isa = PBXNativeTarget;
			buildConfigurationList = 7B2BB2842A82DCCB008EE046 /* Build configuration list for PBXNativeTarget "imageGeneratorAppTests" */;
			buildPhases = (
				7B2BB2692A82DCCB008EE046 /* Sources */,
				7B2BB26A2A82DCCB008EE046 /* Frameworks */,
				7B2BB26B2A82DCCB008EE046 /* Resources */,
			);
			buildRules = (
			);
			dependencies = (
				7B2BB26F2A82DCCB008EE046 /* PBXTargetDependency */,
			);
			name = imageGeneratorAppTests;
			productName = imageGeneratorAppTests;
			productReference = 7B2BB26D2A82DCCB008EE046 /* imageGeneratorAppTests.xctest */;
			productType = "com.apple.product-type.bundle.unit-test";
		};
		7B2BB2762A82DCCB008EE046 /* imageGeneratorAppUITests */ = {
			isa = PBXNativeTarget;
			buildConfigurationList = 7B2BB2872A82DCCB008EE046 /* Build configuration list for PBXNativeTarget "imageGeneratorAppUITests" */;
			buildPhases = (
				7B2BB2732A82DCCB008EE046 /* Sources */,
				7B2BB2742A82DCCB008EE046 /* Frameworks */,
				7B2BB2752A82DCCB008EE046 /* Resources */,
			);
			buildRules = (
			);
			dependencies = (
				7B2BB2792A82DCCB008EE046 /* PBXTargetDependency */,
			);
			name = imageGeneratorAppUITests;
			productName = imageGeneratorAppUITests;
			productReference = 7B2BB2772A82DCCB008EE046 /* imageGeneratorAppUITests.xctest */;
			productType = "com.apple.product-type.bundle.ui-testing";
		};
/* End PBXNativeTarget section */

/* Begin PBXProject section */
		7B2BB2552A82DCCA008EE046 /* Project object */ = {
			isa = PBXProject;
			attributes = {
				BuildIndependentTargetsInParallel = 1;
				LastSwiftUpdateCheck = 1430;
				LastUpgradeCheck = 1430;
				TargetAttributes = {
					7B2BB25C2A82DCCA008EE046 = {
						CreatedOnToolsVersion = 14.3.1;
					};
					7B2BB26C2A82DCCB008EE046 = {
						CreatedOnToolsVersion = 14.3.1;
						TestTargetID = 7B2BB25C2A82DCCA008EE046;
					};
					7B2BB2762A82DCCB008EE046 = {
						CreatedOnToolsVersion = 14.3.1;
						TestTargetID = 7B2BB25C2A82DCCA008EE046;
					};
				};
			};
			buildConfigurationList = 7B2BB2582A82DCCA008EE046 /* Build configuration list for PBXProject "imageGeneratorApp" */;
			compatibilityVersion = "Xcode 14.0";
			developmentRegion = en;
			hasScannedForEncodings = 0;
			knownRegions = (
				en,
				Base,
			);
			mainGroup = 7B2BB2542A82DCCA008EE046;
			productRefGroup = 7B2BB25E2A82DCCA008EE046 /* Products */;
			projectDirPath = "";
			projectRoot = "";
			targets = (
				7B2BB25C2A82DCCA008EE046 /* imageGeneratorApp */,
				7B2BB26C2A82DCCB008EE046 /* imageGeneratorAppTests */,
				7B2BB2762A82DCCB008EE046 /* imageGeneratorAppUITests */,
			);
		};
/* End PBXProject section */

/* Begin PBXResourcesBuildPhase section */
		7B2BB25B2A82DCCA008EE046 /* Resources */ = {
			isa = PBXResourcesBuildPhase;
			buildActionMask = 2147483647;
			files = (
				7B2BB2682A82DCCB008EE046 /* Preview Assets.xcassets in Resources */,
				7B2BB2652A82DCCB008EE046 /* Assets.xcassets in Resources */,
			);
			runOnlyForDeploymentPostprocessing = 0;
		};
		7B2BB26B2A82DCCB008EE046 /* Resources */ = {
			isa = PBXResourcesBuildPhase;
			buildActionMask = 2147483647;
			files = (
			);
			runOnlyForDeploymentPostprocessing = 0;
		};
		7B2BB2752A82DCCB008EE046 /* Resources */ = {
			isa = PBXResourcesBuildPhase;
			buildActionMask = 2147483647;
			files = (
			);
			runOnlyForDeploymentPostprocessing = 0;
		};
/* End PBXResourcesBuildPhase section */

/* Begin PBXSourcesBuildPhase section */
		7B2BB2592A82DCCA008EE046 /* Sources */ = {
			isa = PBXSourcesBuildPhase;
			buildActionMask = 2147483647;
			files = (
				7B2BB2632A82DCCA008EE046 /* ContentView.swift in Sources */,
				7B2BB2612A82DCCA008EE046 /* imageGeneratorAppApp.swift in Sources */,
			);
			runOnlyForDeploymentPostprocessing = 0;
		};
		7B2BB2692A82DCCB008EE046 /* Sources */ = {
			isa = PBXSourcesBuildPhase;
			buildActionMask = 2147483647;
			files = (
				7B2BB2722A82DCCB008EE046 /* imageGeneratorAppTests.swift in Sources */,
			);
			runOnlyForDeploymentPostprocessing = 0;
		};
		7B2BB2732A82DCCB008EE046 /* Sources */ = {
			isa = PBXSourcesBuildPhase;
			buildActionMask = 2147483647;
			files = (
				7B2BB27E2A82DCCB008EE046 /* imageGeneratorAppUITestsLaunchTests.swift in Sources */,
				7B2BB27C2A82DCCB008EE046 /* imageGeneratorAppUITests.swift in Sources */,
			);
			runOnlyForDeploymentPostprocessing = 0;
		};
/* End PBXSourcesBuildPhase section */

/* Begin PBXTargetDependency section */
		7B2BB26F2A82DCCB008EE046 /* PBXTargetDependency */ = {
			isa = PBXTargetDependency;
			target = 7B2BB25C2A82DCCA008EE046 /* imageGeneratorApp */;
			targetProxy = 7B2BB26E2A82DCCB008EE046 /* PBXContainerItemProxy */;
		};
		7B2BB2792A82DCCB008EE046 /* PBXTargetDependency */ = {
			isa = PBXTargetDependency;
			target = 7B2BB25C2A82DCCA008EE046 /* imageGeneratorApp */;
			targetProxy = 7B2BB2782A82DCCB008EE046 /* PBXContainerItemProxy */;
		};
/* End PBXTargetDependency section */

/* Begin XCBuildConfiguration section */
		7B2BB27F2A82DCCB008EE046 /* Debug */ = {
			isa = XCBuildConfiguration;
			buildSettings = {
				ALWAYS_SEARCH_USER_PATHS = NO;
				CLANG_ANALYZER_NONNULL = YES;
				CLANG_ANALYZER_NUMBER_OBJECT_CONVERSION = YES_AGGRESSIVE;
				CLANG_CXX_LANGUAGE_STANDARD = "gnu++20";
				CLANG_ENABLE_MODULES = YES;
				CLANG_ENABLE_OBJC_ARC = YES;
				CLANG_ENABLE_OBJC_WEAK = YES;
				CLANG_WARN_BLOCK_CAPTURE_AUTORELEASING = YES;
				CLANG_WARN_BOOL_CONVERSION = YES;
				CLANG_WARN_COMMA = YES;
				CLANG_WARN_CONSTANT_CONVERSION = YES;
				CLANG_WARN_DEPRECATED_OBJC_IMPLEMENTATIONS = YES;
				CLANG_WARN_DIRECT_OBJC_ISA_USAGE = YES_ERROR;
				CLANG_WARN_DOCUMENTATION_COMMENTS = YES;
				CLANG_WARN_EMPTY_BODY = YES;
				CLANG_WARN_ENUM_CONVERSION = YES;
				CLANG_WARN_INFINITE_RECURSION = YES;
				CLANG_WARN_INT_CONVERSION = YES;
				CLANG_WARN_NON_LITERAL_NULL_CONVERSION = YES;
				CLANG_WARN_OBJC_IMPLICIT_RETAIN_SELF = YES;
				CLANG_WARN_OBJC_LITERAL_CONVERSION = YES;
				CLANG_WARN_OBJC_ROOT_CLASS = YES_ERROR;
				CLANG_WARN_QUOTED_INCLUDE_IN_FRAMEWORK_HEADER = YES;
				CLANG_WARN_RANGE_LOOP_ANALYSIS = YES;
				CLANG_WARN_STRICT_PROTOTYPES = YES;
				CLANG_WARN_SUSPICIOUS_MOVE = YES;
				CLANG_WARN_UNGUARDED_AVAILABILITY = YES_AGGRESSIVE;
				CLANG_WARN_UNREACHABLE_CODE = YES;
				CLANG_WARN__DUPLICATE_METHOD_MATCH = YES;
				COPY_PHASE_STRIP = NO;
				DEBUG_INFORMATION_FORMAT = dwarf;
				ENABLE_STRICT_OBJC_MSGSEND = YES;
				ENABLE_TESTABILITY = YES;
				GCC_C_LANGUAGE_STANDARD = gnu11;
				GCC_DYNAMIC_NO_PIC = NO;
				GCC_NO_COMMON_BLOCKS = YES;
				GCC_OPTIMIZATION_LEVEL = 0;
				GCC_PREPROCESSOR_DEFINITIONS = (
					"DEBUG=1",
					"$(inherited)",
				);
				GCC_WARN_64_TO_32_BIT_CONVERSION = YES;
				GCC_WARN_ABOUT_RETURN_TYPE = YES_ERROR;
				GCC_WARN_UNDECLARED_SELECTOR = YES;
				GCC_WARN_UNINITIALIZED_AUTOS = YES_AGGRESSIVE;
				GCC_WARN_UNUSED_FUNCTION = YES;
				GCC_WARN_UNUSED_VARIABLE = YES;
				IPHONEOS_DEPLOYMENT_TARGET = 16.4;
				MTL_ENABLE_DEBUG_INFO = INCLUDE_SOURCE;
				MTL_FAST_MATH = YES;
				ONLY_ACTIVE_ARCH = YES;
				SDKROOT = iphoneos;
				SWIFT_ACTIVE_COMPILATION_CONDITIONS = DEBUG;
				SWIFT_OPTIMIZATION_LEVEL = "-Onone";
			};
			name = Debug;
		};
		7B2BB2802A82DCCB008EE046 /* Release */ = {
			isa = XCBuildConfiguration;
			buildSettings = {
				ALWAYS_SEARCH_USER_PATHS = NO;
				CLANG_ANALYZER_NONNULL = YES;
				CLANG_ANALYZER_NUMBER_OBJECT_CONVERSION = YES_AGGRESSIVE;
				CLANG_CXX_LANGUAGE_STANDARD = "gnu++20";
				CLANG_ENABLE_MODULES = YES;
				CLANG_ENABLE_OBJC_ARC = YES;
				CLANG_ENABLE_OBJC_WEAK = YES;
				CLANG_WARN_BLOCK_CAPTURE_AUTORELEASING = YES;
				CLANG_WARN_BOOL_CONVERSION = YES;
				CLANG_WARN_COMMA = YES;
				CLANG_WARN_CONSTANT_CONVERSION = YES;
				CLANG_WARN_DEPRECATED_OBJC_IMPLEMENTATIONS = YES;
				CLANG_WARN_DIRECT_OBJC_ISA_USAGE = YES_ERROR;
				CLANG_WARN_DOCUMENTATION_COMMENTS = YES;
				CLANG_WARN_EMPTY_BODY = YES;
				CLANG_WARN_ENUM_CONVERSION = YES;
				CLANG_WARN_INFINITE_RECURSION = YES;
				CLANG_WARN_INT_CONVERSION = YES;
				CLANG_WARN_NON_LITERAL_NULL_CONVERSION = YES;
				CLANG_WARN_OBJC_IMPLICIT_RETAIN_SELF = YES;
				CLANG_WARN_OBJC_LITERAL_CONVERSION = YES;
				CLANG_WARN_OBJC_ROOT_CLASS = YES_ERROR;
				CLANG_WARN_QUOTED_INCLUDE_IN_FRAMEWORK_HEADER = YES;
				CLANG_WARN_RANGE_LOOP_ANALYSIS = YES;
				CLANG_WARN_STRICT_PROTOTYPES = YES;
				CLANG_WARN_SUSPICIOUS_MOVE = YES;
				CLANG_WARN_UNGUARDED_AVAILABILITY = YES_AGGRESSIVE;
				CLANG_WARN_UNREACHABLE_CODE = YES;
				CLANG_WARN__DUPLICATE_METHOD_MATCH = YES;
				COPY_PHASE_STRIP = NO;
				DEBUG_INFORMATION_FORMAT = "dwarf-with-dsym";
				ENABLE_NS_ASSERTIONS = NO;
				ENABLE_STRICT_OBJC_MSGSEND = YES;
				GCC_C_LANGUAGE_STANDARD = gnu11;
				GCC_NO_COMMON_BLOCKS = YES;
				GCC_WARN_64_TO_32_BIT_CONVERSION = YES;
				GCC_WARN_ABOUT_RETURN_TYPE = YES_ERROR;
				GCC_WARN_UNDECLARED_SELECTOR = YES;
				GCC_WARN_UNINITIALIZED_AUTOS = YES_AGGRESSIVE;
				GCC_WARN_UNUSED_FUNCTION = YES;
				GCC_WARN_UNUSED_VARIABLE = YES;
				IPHONEOS_DEPLOYMENT_TARGET = 16.4;
				MTL_ENABLE_DEBUG_INFO = NO;
				MTL_FAST_MATH = YES;
				SDKROOT = iphoneos;
				SWIFT_COMPILATION_MODE = wholemodule;
				SWIFT_OPTIMIZATION_LEVEL = "-O";
				VALIDATE_PRODUCT = YES;
			};
			name = Release;
		};
		7B2BB2822A82DCCB008EE046 /* Debug */ = {
			isa = XCBuildConfiguration;
			buildSettings = {
				ASSETCATALOG_COMPILER_APPICON_NAME = AppIcon;
				ASSETCATALOG_COMPILER_GLOBAL_ACCENT_COLOR_NAME = AccentColor;
				CODE_SIGN_STYLE = Automatic;
				CURRENT_PROJECT_VERSION = 1;
				DEVELOPMENT_ASSET_PATHS = "\"imageGeneratorApp/Preview Content\"";
				ENABLE_PREVIEWS = YES;
				GENERATE_INFOPLIST_FILE = YES;
				INFOPLIST_KEY_UIApplicationSceneManifest_Generation = YES;
				INFOPLIST_KEY_UIApplicationSupportsIndirectInputEvents = YES;
				INFOPLIST_KEY_UILaunchScreen_Generation = YES;
				INFOPLIST_KEY_UISupportedInterfaceOrientations_iPad = "UIInterfaceOrientationPortrait UIInterfaceOrientationPortraitUpsideDown UIInterfaceOrientationLandscapeLeft UIInterfaceOrientationLandscapeRight";
				INFOPLIST_KEY_UISupportedInterfaceOrientations_iPhone = "UIInterfaceOrientationPortrait UIInterfaceOrientationLandscapeLeft UIInterfaceOrientationLandscapeRight";
				LD_RUNPATH_SEARCH_PATHS = (
					"$(inherited)",
					"@executable_path/Frameworks",
				);
				MARKETING_VERSION = 1.0;
				PRODUCT_BUNDLE_IDENTIFIER = illia.imageGeneratorApp;
				PRODUCT_NAME = "$(TARGET_NAME)";
				SWIFT_EMIT_LOC_STRINGS = YES;
				SWIFT_VERSION = 5.0;
				TARGETED_DEVICE_FAMILY = "1,2";
			};
			name = Debug;
		};
		7B2BB2832A82DCCB008EE046 /* Release */ = {
			isa = XCBuildConfiguration;
			buildSettings = {
				ASSETCATALOG_COMPILER_APPICON_NAME = AppIcon;
				ASSETCATALOG_COMPILER_GLOBAL_ACCENT_COLOR_NAME = AccentColor;
				CODE_SIGN_STYLE = Automatic;
				CURRENT_PROJECT_VERSION = 1;
				DEVELOPMENT_ASSET_PATHS = "\"imageGeneratorApp/Preview Content\"";
				ENABLE_PREVIEWS = YES;
				GENERATE_INFOPLIST_FILE = YES;
				INFOPLIST_KEY_UIApplicationSceneManifest_Generation = YES;
				INFOPLIST_KEY_UIApplicationSupportsIndirectInputEvents = YES;
				INFOPLIST_KEY_UILaunchScreen_Generation = YES;
				INFOPLIST_KEY_UISupportedInterfaceOrientations_iPad = "UIInterfaceOrientationPortrait UIInterfaceOrientationPortraitUpsideDown UIInterfaceOrientationLandscapeLeft UIInterfaceOrientationLandscapeRight";
				INFOPLIST_KEY_UISupportedInterfaceOrientations_iPhone = "UIInterfaceOrientationPortrait UIInterfaceOrientationLandscapeLeft UIInterfaceOrientationLandscapeRight";
				LD_RUNPATH_SEARCH_PATHS = (
					"$(inherited)",
					"@executable_path/Frameworks",
				);
				MARKETING_VERSION = 1.0;
				PRODUCT_BUNDLE_IDENTIFIER = illia.imageGeneratorApp;
				PRODUCT_NAME = "$(TARGET_NAME)";
				SWIFT_EMIT_LOC_STRINGS = YES;
				SWIFT_VERSION = 5.0;
				TARGETED_DEVICE_FAMILY = "1,2";
			};
			name = Release;
		};
		7B2BB2852A82DCCB008EE046 /* Debug */ = {
			isa = XCBuildConfiguration;
			buildSettings = {
				ALWAYS_EMBED_SWIFT_STANDARD_LIBRARIES = YES;
				BUNDLE_LOADER = "$(TEST_HOST)";
				CODE_SIGN_STYLE = Automatic;
				CURRENT_PROJECT_VERSION = 1;
				GENERATE_INFOPLIST_FILE = YES;
				IPHONEOS_DEPLOYMENT_TARGET = 16.4;
				MARKETING_VERSION = 1.0;
				PRODUCT_BUNDLE_IDENTIFIER = illia.imageGeneratorAppTests;
				PRODUCT_NAME = "$(TARGET_NAME)";
				SWIFT_EMIT_LOC_STRINGS = NO;
				SWIFT_VERSION = 5.0;
				TARGETED_DEVICE_FAMILY = "1,2";
				TEST_HOST = "$(BUILT_PRODUCTS_DIR)/imageGeneratorApp.app/$(BUNDLE_EXECUTABLE_FOLDER_PATH)/imageGeneratorApp";
			};
			name = Debug;
		};
		7B2BB2862A82DCCB008EE046 /* Release */ = {
			isa = XCBuildConfiguration;
			buildSettings = {
				ALWAYS_EMBED_SWIFT_STANDARD_LIBRARIES = YES;
				BUNDLE_LOADER = "$(TEST_HOST)";
				CODE_SIGN_STYLE = Automatic;
				CURRENT_PROJECT_VERSION = 1;
				GENERATE_INFOPLIST_FILE = YES;
				IPHONEOS_DEPLOYMENT_TARGET = 16.4;
				MARKETING_VERSION = 1.0;
				PRODUCT_BUNDLE_IDENTIFIER = illia.imageGeneratorAppTests;
				PRODUCT_NAME = "$(TARGET_NAME)";
				SWIFT_EMIT_LOC_STRINGS = NO;
				SWIFT_VERSION = 5.0;
				TARGETED_DEVICE_FAMILY = "1,2";
				TEST_HOST = "$(BUILT_PRODUCTS_DIR)/imageGeneratorApp.app/$(BUNDLE_EXECUTABLE_FOLDER_PATH)/imageGeneratorApp";
			};
			name = Release;
		};
		7B2BB2882A82DCCB008EE046 /* Debug */ = {
			isa = XCBuildConfiguration;
			buildSettings = {
				ALWAYS_EMBED_SWIFT_STANDARD_LIBRARIES = YES;
				CODE_SIGN_STYLE = Automatic;
				CURRENT_PROJECT_VERSION = 1;
				GENERATE_INFOPLIST_FILE = YES;
				MARKETING_VERSION = 1.0;
				PRODUCT_BUNDLE_IDENTIFIER = illia.imageGeneratorAppUITests;
				PRODUCT_NAME = "$(TARGET_NAME)";
				SWIFT_EMIT_LOC_STRINGS = NO;
				SWIFT_VERSION = 5.0;
				TARGETED_DEVICE_FAMILY = "1,2";
				TEST_TARGET_NAME = imageGeneratorApp;
			};
			name = Debug;
		};
		7B2BB2892A82DCCB008EE046 /* Release */ = {
			isa = XCBuildConfiguration;
			buildSettings = {
				ALWAYS_EMBED_SWIFT_STANDARD_LIBRARIES = YES;
				CODE_SIGN_STYLE = Automatic;
				CURRENT_PROJECT_VERSION = 1;
				GENERATE_INFOPLIST_FILE = YES;
				MARKETING_VERSION = 1.0;
				PRODUCT_BUNDLE_IDENTIFIER = illia.imageGeneratorAppUITests;
				PRODUCT_NAME = "$(TARGET_NAME)";
				SWIFT_EMIT_LOC_STRINGS = NO;
				SWIFT_VERSION = 5.0;
				TARGETED_DEVICE_FAMILY = "1,2";
				TEST_TARGET_NAME = imageGeneratorApp;
			};
			name = Release;
		};
/* End XCBuildConfiguration section */

/* Begin XCConfigurationList section */
		7B2BB2582A82DCCA008EE046 /* Build configuration list for PBXProject "imageGeneratorApp" */ = {
			isa = XCConfigurationList;
			buildConfigurations = (
				7B2BB27F2A82DCCB008EE046 /* Debug */,
				7B2BB2802A82DCCB008EE046 /* Release */,
			);
			defaultConfigurationIsVisible = 0;
			defaultConfigurationName = Release;
		};
		7B2BB2812A82DCCB008EE046 /* Build configuration list for PBXNativeTarget "imageGeneratorApp" */ = {
			isa = XCConfigurationList;
			buildConfigurations = (
				7B2BB2822A82DCCB008EE046 /* Debug */,
				7B2BB2832A82DCCB008EE046 /* Release */,
			);
			defaultConfigurationIsVisible = 0;
			defaultConfigurationName = Release;
		};
		7B2BB2842A82DCCB008EE046 /* Build configuration list for PBXNativeTarget "imageGeneratorAppTests" */ = {
			isa = XCConfigurationList;
			buildConfigurations = (
				7B2BB2852A82DCCB008EE046 /* Debug */,
				7B2BB2862A82DCCB008EE046 /* Release */,
			);
			defaultConfigurationIsVisible = 0;
			defaultConfigurationName = Release;
		};
		7B2BB2872A82DCCB008EE046 /* Build configuration list for PBXNativeTarget "imageGeneratorAppUITests" */ = {
			isa = XCConfigurationList;
			buildConfigurations = (
				7B2BB2882A82DCCB008EE046 /* Debug */,
				7B2BB2892A82DCCB008EE046 /* Release */,
			);
			defaultConfigurationIsVisible = 0;
			defaultConfigurationName = Release;
		};
/* End XCConfigurationList section */
	};
	rootObject = 7B2BB2552A82DCCA008EE046 /* Project object */;
}
